
Microsoft Visual Studio Solution File, Format Version 12.00
# Visual Studio Version 16
VisualStudioVersion = 16.0.30523.141
MinimumVisualStudioVersion = 10.0.40219.1
Project("{FAE04EC0-301F-11D3-BF4B-00C04F79EFBC}") = "NUnitTestProject1", "NUnitTestProject1\NUnitTestProject1.csproj", "{569B64B4-945C-4D62-9029-529947AEC7D5}"
EndProject
Global
	GlobalSection(SolutionConfigurationPlatforms) = preSolution
		Debug|Any CPU = Debug|Any CPU
		Release|Any CPU = Release|Any CPU
	EndGlobalSection
	GlobalSection(ProjectConfigurationPlatforms) = postSolution
		{569B64B4-945C-4D62-9029-529947AEC7D5}.Debug|Any CPU.ActiveCfg = Debug|Any CPU
		{569B64B4-945C-4D62-9029-529947AEC7D5}.Debug|Any CPU.Build.0 = Debug|Any CPU
		{569B64B4-945C-4D62-9029-529947AEC7D5}.Release|Any CPU.ActiveCfg = Release|Any CPU
		{569B64B4-945C-4D62-9029-529947AEC7D5}.Release|Any CPU.Build.0 = Release|Any CPU
	EndGlobalSection
	GlobalSection(SolutionProperties) = preSolution
		HideSolutionNode = FALSE
	EndGlobalSection
	GlobalSection(ExtensibilityGlobals) = postSolution
		SolutionGuid = {978F2F58-87ED-4479-9971-7F9713059DFE}
	EndGlobalSection
EndGlobal
